schema: '2.0'
stages:
  download_dataset:
    cmd: sh ./datasets/download_pix2pix_dataset.sh cityscapes
    deps:
    - path: datasets/download_pix2pix_dataset.sh
      md5: c3ffc07c3bbde1fc36bfeab51c5a9eb8
      size: 981
    outs:
    - path: datasets/cityscapes/
      md5: 4524c69da75d122368e195edf50cd2c7.dir
      size: 110885505
      nfiles: 3475
  download_weights:
    cmd: sh ./scripts/download_pix2pix_model.sh facades_label2photo
    deps:
    - path: scripts/download_pix2pix_model.sh
      md5: 3f926fd3fff89c4c234379ac1b4004fa
      size: 339
    outs:
    - path: checkpoints/facades_label2photo_pretrained/latest_net_G.pth
      md5: 1b43b05144a2e953156562c7c187a0e4
      size: 217704720
  load_params:
    cmd: python params.py
    deps:
    - path: params.py
      md5: 606fc8aac2f8d82fe9242ce1de258005
      size: 245
    outs:
    - path: .env
      md5: 86d12b6feedd7d97e45cca28a019c393
      size: 42
  train:
    cmd: python train.py --model pix2pix --dataroot ./datasets/cityscapes --name cityscapes_pix2pix
      --n_epochs 100 --n_epochs_decay 67 --netG unet_256 --direction BtoA --gpu_ids
      0
    deps:
    - path: datasets/cityscapes/
      md5: acd3964250f118728577776760057614.dir
      size: 110885505
      nfiles: 3475
    params:
      params.yaml:
        dataset: cityscapes
        n_epochs: 100
        n_epochs_decay: 67
        netG: unet_256
    outs:
    - path: checkpoints/cityscapes_pix2pix
      md5: f20aac2dd26cea6062ffaba67dca47dc.dir
      size: 7817912091
      nfiles: 576
  write_env:
    cmd: python write_env.py
    deps:
    - path: params.yaml
      md5: 5539da3dd71a4ef6c07ac87c873efc1e
      size: 34
    - path: write_env.py
      md5: d14aa0fca59cd9d02c28b98ea95b7c1a
      size: 241
    outs:
    - path: .env
      md5: 6ec1dd16b1bac4ebfaee1d92edf0f26e
      size: 46
      isexec: true
  test:
    cmd: python test.py --model pix2pix --dataroot ./datasets/cityscapes --name cityscapes_pix2pix
      --direction BtoA --gpu_ids 0
    deps:
    - path: checkpoints/cityscapes_pix2pix
      md5: f20aac2dd26cea6062ffaba67dca47dc.dir
      size: 7817912091
      nfiles: 576
    outs:
    - path: results/cityscapes_pix2pix/
      md5: 5f270fb46b413ecc22ce2f38dd79fcf3.dir
      size: 12380304
      nfiles: 151
  plot:
    cmd: python write_plots.py checkpoints/facades_pix2pix/loss_log.txt facades
    deps:
    - path: checkpoints/facades_pix2pix/loss_log.txt
      md5: 14b5c164e1813dfb9b3ddba81a6da239
      size: 4239
    - path: write_plots.py
      md5: a0199b537442e4e4155e002178bc21d2
      size: 494
    outs:
    - path: facades_loss.csv
      md5: 6f03c34f670895ff692192e72a738c0c
      size: 1461
